
Microsoft Visual Studio Solution File, Format Version 12.00
# Visual Studio Version 16
VisualStudioVersion = 16.0.31424.327
MinimumVisualStudioVersion = 10.0.40219.1
Project("{FAE04EC0-301F-11D3-BF4B-00C04F79EFBC}") = "test_mvc", "test_mvc\test_mvc.csproj", "{1DEA1A23-B9EC-488E-B523-20AA11AAD4A0}"
EndProject
Global
	GlobalSection(SolutionConfigurationPlatforms) = preSolution
		Debug|Any CPU = Debug|Any CPU
		Release|Any CPU = Release|Any CPU
	EndGlobalSection
	GlobalSection(ProjectConfigurationPlatforms) = postSolution
		{1DEA1A23-B9EC-488E-B523-20AA11AAD4A0}.Debug|Any CPU.ActiveCfg = Debug|Any CPU
		{1DEA1A23-B9EC-488E-B523-20AA11AAD4A0}.Debug|Any CPU.Build.0 = Debug|Any CPU
		{1DEA1A23-B9EC-488E-B523-20AA11AAD4A0}.Release|Any CPU.ActiveCfg = Release|Any CPU
		{1DEA1A23-B9EC-488E-B523-20AA11AAD4A0}.Release|Any CPU.Build.0 = Release|Any CPU
	EndGlobalSection
	GlobalSection(SolutionProperties) = preSolution
		HideSolutionNode = FALSE
	EndGlobalSection
	GlobalSection(ExtensibilityGlobals) = postSolution
		SolutionGuid = {66F7FD9E-38D6-4228-B659-A9D45D48121F}
	EndGlobalSection
EndGlobal
